
Microsoft Visual Studio Solution File, Format Version 12.00
# Visual Studio Version 16
VisualStudioVersion = 16.0.34407.143
MinimumVisualStudioVersion = 10.0.40219.1
Project("{FAE04EC0-301F-11D3-BF4B-00C04F79EFBC}") = "atacadoOuVarejo", "atacadoOuVarejo.csproj", "{D701474B-342B-41BF-B3EC-E40A3AC1A710}"
EndProject
Global
	GlobalSection(SolutionConfigurationPlatforms) = preSolution
		Debug|Any CPU = Debug|Any CPU
		Release|Any CPU = Release|Any CPU
	EndGlobalSection
	GlobalSection(ProjectConfigurationPlatforms) = postSolution
		{D701474B-342B-41BF-B3EC-E40A3AC1A710}.Debug|Any CPU.ActiveCfg = Debug|Any CPU
		{D701474B-342B-41BF-B3EC-E40A3AC1A710}.Debug|Any CPU.Build.0 = Debug|Any CPU
		{D701474B-342B-41BF-B3EC-E40A3AC1A710}.Release|Any CPU.ActiveCfg = Release|Any CPU
		{D701474B-342B-41BF-B3EC-E40A3AC1A710}.Release|Any CPU.Build.0 = Release|Any CPU
	EndGlobalSection
	GlobalSection(SolutionProperties) = preSolution
		HideSolutionNode = FALSE
	EndGlobalSection
	GlobalSection(ExtensibilityGlobals) = postSolution
		SolutionGuid = {BD6CDBEB-2FCA-49B2-BEE6-86DB88852955}
	EndGlobalSection
EndGlobal
